
Microsoft Visual Studio Solution File, Format Version 12.00
# Visual Studio Version 17
VisualStudioVersion = 17.7.34202.233
MinimumVisualStudioVersion = 10.0.40219.1
Project("{FAE04EC0-301F-11D3-BF4B-00C04F79EFBC}") = "Inventory app", "Inventory app\Inventory app.csproj", "{0D5F1FEA-F6A4-49D6-8DE4-A12C6B3CD958}"
EndProject
Global
	GlobalSection(SolutionConfigurationPlatforms) = preSolution
		Debug|Any CPU = Debug|Any CPU
		Release|Any CPU = Release|Any CPU
	EndGlobalSection
	GlobalSection(ProjectConfigurationPlatforms) = postSolution
		{0D5F1FEA-F6A4-49D6-8DE4-A12C6B3CD958}.Debug|Any CPU.ActiveCfg = Debug|Any CPU
		{0D5F1FEA-F6A4-49D6-8DE4-A12C6B3CD958}.Debug|Any CPU.Build.0 = Debug|Any CPU
		{0D5F1FEA-F6A4-49D6-8DE4-A12C6B3CD958}.Release|Any CPU.ActiveCfg = Release|Any CPU
		{0D5F1FEA-F6A4-49D6-8DE4-A12C6B3CD958}.Release|Any CPU.Build.0 = Release|Any CPU
	EndGlobalSection
	GlobalSection(SolutionProperties) = preSolution
		HideSolutionNode = FALSE
	EndGlobalSection
	GlobalSection(ExtensibilityGlobals) = postSolution
		SolutionGuid = {7F3FCFC8-0A14-4CA5-8463-A85D4CAACC9E}
	EndGlobalSection
EndGlobal
